
Microsoft Visual Studio Solution File, Format Version 12.00
# Visual Studio 15
VisualStudioVersion = 15.0.26403.7
MinimumVisualStudioVersion = 10.0.40219.1
Project("{FAE04EC0-301F-11D3-BF4B-00C04F79EFBC}") = "RestWSExample", "RestWSExample\RestWSExample.csproj", "{941DDB99-54E4-47E9-B82A-29D4F64648CC}"
EndProject
Global
	GlobalSection(SolutionConfigurationPlatforms) = preSolution
		Debug|Any CPU = Debug|Any CPU
		Release|Any CPU = Release|Any CPU
	EndGlobalSection
	GlobalSection(ProjectConfigurationPlatforms) = postSolution
		{941DDB99-54E4-47E9-B82A-29D4F64648CC}.Debug|Any CPU.ActiveCfg = Debug|Any CPU
		{941DDB99-54E4-47E9-B82A-29D4F64648CC}.Debug|Any CPU.Build.0 = Debug|Any CPU
		{941DDB99-54E4-47E9-B82A-29D4F64648CC}.Release|Any CPU.ActiveCfg = Release|Any CPU
		{941DDB99-54E4-47E9-B82A-29D4F64648CC}.Release|Any CPU.Build.0 = Release|Any CPU
	EndGlobalSection
	GlobalSection(SolutionProperties) = preSolution
		HideSolutionNode = FALSE
	EndGlobalSection
EndGlobal
